# This file is automatically @generated by Cargo.
# It is not intended for manual editing.
version = 4

[[package]]
name = "project5"
version = "0.1.0"
dependencies = [
 "prompt-input",
]

[[package]]
name = "prompt-input"
version = "1.0.1"
source = "registry+https://github.com/rust-lang/crates.io-index"
checksum = "1e948af8e15540ebd77d7c7f37d6acbb17b9d61a28f363ff97360f25f2509c7e"
